
Microsoft Visual Studio Solution File, Format Version 12.00
# Visual Studio Version 16
VisualStudioVersion = 16.0.29920.165
MinimumVisualStudioVersion = 10.0.40219.1
Project("{9A19103F-16F7-4668-BE54-9A1E7A4F7556}") = "Penguin.Api", "Penguin.Api.csproj", "{5F411A34-49E4-4FFD-A2A2-1C8BA187AA88}"
EndProject
Global
	GlobalSection(SolutionConfigurationPlatforms) = preSolution
		Debug|Any CPU = Debug|Any CPU
		Release|Any CPU = Release|Any CPU
	EndGlobalSection
	GlobalSection(ProjectConfigurationPlatforms) = postSolution
		{5F411A34-49E4-4FFD-A2A2-1C8BA187AA88}.Debug|Any CPU.ActiveCfg = Debug|Any CPU
		{5F411A34-49E4-4FFD-A2A2-1C8BA187AA88}.Debug|Any CPU.Build.0 = Debug|Any CPU
		{5F411A34-49E4-4FFD-A2A2-1C8BA187AA88}.Release|Any CPU.ActiveCfg = Release|Any CPU
		{5F411A34-49E4-4FFD-A2A2-1C8BA187AA88}.Release|Any CPU.Build.0 = Release|Any CPU
	EndGlobalSection
	GlobalSection(SolutionProperties) = preSolution
		HideSolutionNode = FALSE
	EndGlobalSection
	GlobalSection(ExtensibilityGlobals) = postSolution
		SolutionGuid = {880633D8-D177-4868-B2B7-F63110258B89}
	EndGlobalSection
EndGlobal
