
Microsoft Visual Studio Solution File, Format Version 12.00
# Visual Studio Version 16
VisualStudioVersion = 16.0.30114.105
MinimumVisualStudioVersion = 10.0.40219.1
Project("{FAE04EC0-301F-11D3-BF4B-00C04F79EFBC}") = "Penguin.Api.Local", "Penguin.Api.Local.csproj", "{D34675F3-C6C7-4E32-A7DA-9369EC760D9B}"
EndProject
Project("{FAE04EC0-301F-11D3-BF4B-00C04F79EFBC}") = "Penguin.SystemExtensions.Local", "..\Penguin.SystemExtensions\Penguin.SystemExtensions.Local.csproj", "{5E5335C5-4A68-44E1-9A6F-21246FEBC171}"
EndProject
Project("{FAE04EC0-301F-11D3-BF4B-00C04F79EFBC}") = "Penguin.SystemExtensions.Abstractions.Local", "..\Penguin.SystemExtensions.Abstractions\Penguin.SystemExtensions.Abstractions.Local.csproj", "{84731C06-7E32-4F0C-987F-497FFBFC78E7}"
EndProject
Project("{FAE04EC0-301F-11D3-BF4B-00C04F79EFBC}") = "Penguin.Api.Abstractions.Local", "..\Penguin.Api.Abstractions\Penguin.Api.Abstractions.Local.csproj", "{04C98635-347E-4D46-BA1C-E196743BEF17}"
EndProject
Project("{FAE04EC0-301F-11D3-BF4B-00C04F79EFBC}") = "Penguin.Web.Abstractions.Local", "..\Penguin.Web.Abstractions\Penguin.Web.Abstractions.Local.csproj", "{37D8D1AC-3BAB-46B4-9CBF-4C983A6FDFB8}"
EndProject
Project("{FAE04EC0-301F-11D3-BF4B-00C04F79EFBC}") = "Penguin.Web.Local", "..\Penguin.Web\Penguin.Web.Local.csproj", "{0AA88043-9453-47ED-8715-1B86BCDB2081}"
EndProject
Project("{FAE04EC0-301F-11D3-BF4B-00C04F79EFBC}") = "Penguin.Extensions.String.Local", "..\Penguin.Extensions.String\Penguin.Extensions.String.Local.csproj", "{D505BAC5-CCD1-41D7-8FB9-CAB089DF79F3}"
EndProject
Project("{FAE04EC0-301F-11D3-BF4B-00C04F79EFBC}") = "Penguin.Web.WebClientEx.Local", "..\Penguin.Web.WebClientEx\Penguin.Web.WebClientEx.Local.csproj", "{D6FF8762-5109-4563-A9B3-6BF77E7B1BED}"
EndProject
Project("{FAE04EC0-301F-11D3-BF4B-00C04F79EFBC}") = "Penguin.Web.Http.Local", "..\Penguin.Web.Http\Penguin.Web.Http.Local.csproj", "{B06E068A-B6D3-4786-8987-BDAB8C8E457D}"
EndProject
Project("{FAE04EC0-301F-11D3-BF4B-00C04F79EFBC}") = "Penguin.Reflection.Extensions.Local", "..\Penguin.Reflection.Extensions\Penguin.Reflection.Extensions.Local.csproj", "{D1CE700D-B112-4BBF-8384-F477CF7943DE}"
EndProject
Project("{FAE04EC0-301F-11D3-BF4B-00C04F79EFBC}") = "Penguin.Reflection.Abstractions.Local", "..\Penguin.Reflection.Abstractions\Penguin.Reflection.Abstractions.Local.csproj", "{DE5149DA-2E67-46CC-9400-169E300E8A6D}"
EndProject
Project("{FAE04EC0-301F-11D3-BF4B-00C04F79EFBC}") = "Penguin.Reflection.Local", "..\Penguin.Reflection\Penguin.Reflection.Local.csproj", "{B756D934-CB48-44C0-A5FB-9DC86F97A2E3}"
EndProject
Project("{FAE04EC0-301F-11D3-BF4B-00C04F79EFBC}") = "Penguin.Debugging.Local", "..\Penguin.Debugging\Penguin.Debugging.Local.csproj", "{86D648D6-E9F8-4584-BF7A-A1E7ACABC14F}"
EndProject
Project("{FAE04EC0-301F-11D3-BF4B-00C04F79EFBC}") = "Penguin.Extensions.Exceptions.Local", "..\Penguin.Extensions.Exceptions\Penguin.Extensions.Exceptions.Local.csproj", "{72453E8D-57D4-484A-A6CB-F9E214C69DA2}"
EndProject
Project("{FAE04EC0-301F-11D3-BF4B-00C04F79EFBC}") = "Penguin.Json.Local", "..\Penguin.Json\Penguin.Json.Local.csproj", "{67E1C361-068B-4FBD-96E4-F6B49835FC39}"
EndProject
Project("{FAE04EC0-301F-11D3-BF4B-00C04F79EFBC}") = "Penguin.Json.Abstractions.Local", "..\Penguin.Json.Abstractions\Penguin.Json.Abstractions.Local.csproj", "{73AEC573-66B1-44FC-9B43-2BDF085811D2}"
EndProject
Global
	GlobalSection(SolutionConfigurationPlatforms) = preSolution
		Debug|Any CPU = Debug|Any CPU
		Debug|x64 = Debug|x64
		Debug|x86 = Debug|x86
		Release|Any CPU = Release|Any CPU
		Release|x64 = Release|x64
		Release|x86 = Release|x86
	EndGlobalSection
	GlobalSection(SolutionProperties) = preSolution
		HideSolutionNode = FALSE
	EndGlobalSection
	GlobalSection(ProjectConfigurationPlatforms) = postSolution
		{D34675F3-C6C7-4E32-A7DA-9369EC760D9B}.Debug|Any CPU.ActiveCfg = Debug|Any CPU
		{D34675F3-C6C7-4E32-A7DA-9369EC760D9B}.Debug|Any CPU.Build.0 = Debug|Any CPU
		{D34675F3-C6C7-4E32-A7DA-9369EC760D9B}.Debug|x64.ActiveCfg = Debug|Any CPU
		{D34675F3-C6C7-4E32-A7DA-9369EC760D9B}.Debug|x64.Build.0 = Debug|Any CPU
		{D34675F3-C6C7-4E32-A7DA-9369EC760D9B}.Debug|x86.ActiveCfg = Debug|Any CPU
		{D34675F3-C6C7-4E32-A7DA-9369EC760D9B}.Debug|x86.Build.0 = Debug|Any CPU
		{D34675F3-C6C7-4E32-A7DA-9369EC760D9B}.Release|Any CPU.ActiveCfg = Release|Any CPU
		{D34675F3-C6C7-4E32-A7DA-9369EC760D9B}.Release|Any CPU.Build.0 = Release|Any CPU
		{D34675F3-C6C7-4E32-A7DA-9369EC760D9B}.Release|x64.ActiveCfg = Release|Any CPU
		{D34675F3-C6C7-4E32-A7DA-9369EC760D9B}.Release|x64.Build.0 = Release|Any CPU
		{D34675F3-C6C7-4E32-A7DA-9369EC760D9B}.Release|x86.ActiveCfg = Release|Any CPU
		{D34675F3-C6C7-4E32-A7DA-9369EC760D9B}.Release|x86.Build.0 = Release|Any CPU
		{5E5335C5-4A68-44E1-9A6F-21246FEBC171}.Debug|Any CPU.ActiveCfg = Debug|Any CPU
		{5E5335C5-4A68-44E1-9A6F-21246FEBC171}.Debug|Any CPU.Build.0 = Debug|Any CPU
		{5E5335C5-4A68-44E1-9A6F-21246FEBC171}.Debug|x64.ActiveCfg = Debug|Any CPU
		{5E5335C5-4A68-44E1-9A6F-21246FEBC171}.Debug|x64.Build.0 = Debug|Any CPU
		{5E5335C5-4A68-44E1-9A6F-21246FEBC171}.Debug|x86.ActiveCfg = Debug|Any CPU
		{5E5335C5-4A68-44E1-9A6F-21246FEBC171}.Debug|x86.Build.0 = Debug|Any CPU
		{5E5335C5-4A68-44E1-9A6F-21246FEBC171}.Release|Any CPU.ActiveCfg = Release|Any CPU
		{5E5335C5-4A68-44E1-9A6F-21246FEBC171}.Release|Any CPU.Build.0 = Release|Any CPU
		{5E5335C5-4A68-44E1-9A6F-21246FEBC171}.Release|x64.ActiveCfg = Release|Any CPU
		{5E5335C5-4A68-44E1-9A6F-21246FEBC171}.Release|x64.Build.0 = Release|Any CPU
		{5E5335C5-4A68-44E1-9A6F-21246FEBC171}.Release|x86.ActiveCfg = Release|Any CPU
		{5E5335C5-4A68-44E1-9A6F-21246FEBC171}.Release|x86.Build.0 = Release|Any CPU
		{84731C06-7E32-4F0C-987F-497FFBFC78E7}.Debug|Any CPU.ActiveCfg = Debug|Any CPU
		{84731C06-7E32-4F0C-987F-497FFBFC78E7}.Debug|Any CPU.Build.0 = Debug|Any CPU
		{84731C06-7E32-4F0C-987F-497FFBFC78E7}.Debug|x64.ActiveCfg = Debug|Any CPU
		{84731C06-7E32-4F0C-987F-497FFBFC78E7}.Debug|x64.Build.0 = Debug|Any CPU
		{84731C06-7E32-4F0C-987F-497FFBFC78E7}.Debug|x86.ActiveCfg = Debug|Any CPU
		{84731C06-7E32-4F0C-987F-497FFBFC78E7}.Debug|x86.Build.0 = Debug|Any CPU
		{84731C06-7E32-4F0C-987F-497FFBFC78E7}.Release|Any CPU.ActiveCfg = Release|Any CPU
		{84731C06-7E32-4F0C-987F-497FFBFC78E7}.Release|Any CPU.Build.0 = Release|Any CPU
		{84731C06-7E32-4F0C-987F-497FFBFC78E7}.Release|x64.ActiveCfg = Release|Any CPU
		{84731C06-7E32-4F0C-987F-497FFBFC78E7}.Release|x64.Build.0 = Release|Any CPU
		{84731C06-7E32-4F0C-987F-497FFBFC78E7}.Release|x86.ActiveCfg = Release|Any CPU
		{84731C06-7E32-4F0C-987F-497FFBFC78E7}.Release|x86.Build.0 = Release|Any CPU
		{04C98635-347E-4D46-BA1C-E196743BEF17}.Debug|Any CPU.ActiveCfg = Debug|Any CPU
		{04C98635-347E-4D46-BA1C-E196743BEF17}.Debug|Any CPU.Build.0 = Debug|Any CPU
		{04C98635-347E-4D46-BA1C-E196743BEF17}.Debug|x64.ActiveCfg = Debug|Any CPU
		{04C98635-347E-4D46-BA1C-E196743BEF17}.Debug|x64.Build.0 = Debug|Any CPU
		{04C98635-347E-4D46-BA1C-E196743BEF17}.Debug|x86.ActiveCfg = Debug|Any CPU
		{04C98635-347E-4D46-BA1C-E196743BEF17}.Debug|x86.Build.0 = Debug|Any CPU
		{04C98635-347E-4D46-BA1C-E196743BEF17}.Release|Any CPU.ActiveCfg = Release|Any CPU
		{04C98635-347E-4D46-BA1C-E196743BEF17}.Release|Any CPU.Build.0 = Release|Any CPU
		{04C98635-347E-4D46-BA1C-E196743BEF17}.Release|x64.ActiveCfg = Release|Any CPU
		{04C98635-347E-4D46-BA1C-E196743BEF17}.Release|x64.Build.0 = Release|Any CPU
		{04C98635-347E-4D46-BA1C-E196743BEF17}.Release|x86.ActiveCfg = Release|Any CPU
		{04C98635-347E-4D46-BA1C-E196743BEF17}.Release|x86.Build.0 = Release|Any CPU
		{37D8D1AC-3BAB-46B4-9CBF-4C983A6FDFB8}.Debug|Any CPU.ActiveCfg = Debug|Any CPU
		{37D8D1AC-3BAB-46B4-9CBF-4C983A6FDFB8}.Debug|Any CPU.Build.0 = Debug|Any CPU
		{37D8D1AC-3BAB-46B4-9CBF-4C983A6FDFB8}.Debug|x64.ActiveCfg = Debug|Any CPU
		{37D8D1AC-3BAB-46B4-9CBF-4C983A6FDFB8}.Debug|x64.Build.0 = Debug|Any CPU
		{37D8D1AC-3BAB-46B4-9CBF-4C983A6FDFB8}.Debug|x86.ActiveCfg = Debug|Any CPU
		{37D8D1AC-3BAB-46B4-9CBF-4C983A6FDFB8}.Debug|x86.Build.0 = Debug|Any CPU
		{37D8D1AC-3BAB-46B4-9CBF-4C983A6FDFB8}.Release|Any CPU.ActiveCfg = Release|Any CPU
		{37D8D1AC-3BAB-46B4-9CBF-4C983A6FDFB8}.Release|Any CPU.Build.0 = Release|Any CPU
		{37D8D1AC-3BAB-46B4-9CBF-4C983A6FDFB8}.Release|x64.ActiveCfg = Release|Any CPU
		{37D8D1AC-3BAB-46B4-9CBF-4C983A6FDFB8}.Release|x64.Build.0 = Release|Any CPU
		{37D8D1AC-3BAB-46B4-9CBF-4C983A6FDFB8}.Release|x86.ActiveCfg = Release|Any CPU
		{37D8D1AC-3BAB-46B4-9CBF-4C983A6FDFB8}.Release|x86.Build.0 = Release|Any CPU
		{0AA88043-9453-47ED-8715-1B86BCDB2081}.Debug|Any CPU.ActiveCfg = Debug|Any CPU
		{0AA88043-9453-47ED-8715-1B86BCDB2081}.Debug|Any CPU.Build.0 = Debug|Any CPU
		{0AA88043-9453-47ED-8715-1B86BCDB2081}.Debug|x64.ActiveCfg = Debug|Any CPU
		{0AA88043-9453-47ED-8715-1B86BCDB2081}.Debug|x64.Build.0 = Debug|Any CPU
		{0AA88043-9453-47ED-8715-1B86BCDB2081}.Debug|x86.ActiveCfg = Debug|Any CPU
		{0AA88043-9453-47ED-8715-1B86BCDB2081}.Debug|x86.Build.0 = Debug|Any CPU
		{0AA88043-9453-47ED-8715-1B86BCDB2081}.Release|Any CPU.ActiveCfg = Release|Any CPU
		{0AA88043-9453-47ED-8715-1B86BCDB2081}.Release|Any CPU.Build.0 = Release|Any CPU
		{0AA88043-9453-47ED-8715-1B86BCDB2081}.Release|x64.ActiveCfg = Release|Any CPU
		{0AA88043-9453-47ED-8715-1B86BCDB2081}.Release|x64.Build.0 = Release|Any CPU
		{0AA88043-9453-47ED-8715-1B86BCDB2081}.Release|x86.ActiveCfg = Release|Any CPU
		{0AA88043-9453-47ED-8715-1B86BCDB2081}.Release|x86.Build.0 = Release|Any CPU
		{D505BAC5-CCD1-41D7-8FB9-CAB089DF79F3}.Debug|Any CPU.ActiveCfg = Debug|Any CPU
		{D505BAC5-CCD1-41D7-8FB9-CAB089DF79F3}.Debug|Any CPU.Build.0 = Debug|Any CPU
		{D505BAC5-CCD1-41D7-8FB9-CAB089DF79F3}.Debug|x64.ActiveCfg = Debug|Any CPU
		{D505BAC5-CCD1-41D7-8FB9-CAB089DF79F3}.Debug|x64.Build.0 = Debug|Any CPU
		{D505BAC5-CCD1-41D7-8FB9-CAB089DF79F3}.Debug|x86.ActiveCfg = Debug|Any CPU
		{D505BAC5-CCD1-41D7-8FB9-CAB089DF79F3}.Debug|x86.Build.0 = Debug|Any CPU
		{D505BAC5-CCD1-41D7-8FB9-CAB089DF79F3}.Release|Any CPU.ActiveCfg = Release|Any CPU
		{D505BAC5-CCD1-41D7-8FB9-CAB089DF79F3}.Release|Any CPU.Build.0 = Release|Any CPU
		{D505BAC5-CCD1-41D7-8FB9-CAB089DF79F3}.Release|x64.ActiveCfg = Release|Any CPU
		{D505BAC5-CCD1-41D7-8FB9-CAB089DF79F3}.Release|x64.Build.0 = Release|Any CPU
		{D505BAC5-CCD1-41D7-8FB9-CAB089DF79F3}.Release|x86.ActiveCfg = Release|Any CPU
		{D505BAC5-CCD1-41D7-8FB9-CAB089DF79F3}.Release|x86.Build.0 = Release|Any CPU
		{D6FF8762-5109-4563-A9B3-6BF77E7B1BED}.Debug|Any CPU.ActiveCfg = Debug|Any CPU
		{D6FF8762-5109-4563-A9B3-6BF77E7B1BED}.Debug|Any CPU.Build.0 = Debug|Any CPU
		{D6FF8762-5109-4563-A9B3-6BF77E7B1BED}.Debug|x64.ActiveCfg = Debug|Any CPU
		{D6FF8762-5109-4563-A9B3-6BF77E7B1BED}.Debug|x64.Build.0 = Debug|Any CPU
		{D6FF8762-5109-4563-A9B3-6BF77E7B1BED}.Debug|x86.ActiveCfg = Debug|Any CPU
		{D6FF8762-5109-4563-A9B3-6BF77E7B1BED}.Debug|x86.Build.0 = Debug|Any CPU
		{D6FF8762-5109-4563-A9B3-6BF77E7B1BED}.Release|Any CPU.ActiveCfg = Release|Any CPU
		{D6FF8762-5109-4563-A9B3-6BF77E7B1BED}.Release|Any CPU.Build.0 = Release|Any CPU
		{D6FF8762-5109-4563-A9B3-6BF77E7B1BED}.Release|x64.ActiveCfg = Release|Any CPU
		{D6FF8762-5109-4563-A9B3-6BF77E7B1BED}.Release|x64.Build.0 = Release|Any CPU
		{D6FF8762-5109-4563-A9B3-6BF77E7B1BED}.Release|x86.ActiveCfg = Release|Any CPU
		{D6FF8762-5109-4563-A9B3-6BF77E7B1BED}.Release|x86.Build.0 = Release|Any CPU
		{B06E068A-B6D3-4786-8987-BDAB8C8E457D}.Debug|Any CPU.ActiveCfg = Debug|Any CPU
		{B06E068A-B6D3-4786-8987-BDAB8C8E457D}.Debug|Any CPU.Build.0 = Debug|Any CPU
		{B06E068A-B6D3-4786-8987-BDAB8C8E457D}.Debug|x64.ActiveCfg = Debug|Any CPU
		{B06E068A-B6D3-4786-8987-BDAB8C8E457D}.Debug|x64.Build.0 = Debug|Any CPU
		{B06E068A-B6D3-4786-8987-BDAB8C8E457D}.Debug|x86.ActiveCfg = Debug|Any CPU
		{B06E068A-B6D3-4786-8987-BDAB8C8E457D}.Debug|x86.Build.0 = Debug|Any CPU
		{B06E068A-B6D3-4786-8987-BDAB8C8E457D}.Release|Any CPU.ActiveCfg = Release|Any CPU
		{B06E068A-B6D3-4786-8987-BDAB8C8E457D}.Release|Any CPU.Build.0 = Release|Any CPU
		{B06E068A-B6D3-4786-8987-BDAB8C8E457D}.Release|x64.ActiveCfg = Release|Any CPU
		{B06E068A-B6D3-4786-8987-BDAB8C8E457D}.Release|x64.Build.0 = Release|Any CPU
		{B06E068A-B6D3-4786-8987-BDAB8C8E457D}.Release|x86.ActiveCfg = Release|Any CPU
		{B06E068A-B6D3-4786-8987-BDAB8C8E457D}.Release|x86.Build.0 = Release|Any CPU
		{D1CE700D-B112-4BBF-8384-F477CF7943DE}.Debug|Any CPU.ActiveCfg = Debug|Any CPU
		{D1CE700D-B112-4BBF-8384-F477CF7943DE}.Debug|Any CPU.Build.0 = Debug|Any CPU
		{D1CE700D-B112-4BBF-8384-F477CF7943DE}.Debug|x64.ActiveCfg = Debug|Any CPU
		{D1CE700D-B112-4BBF-8384-F477CF7943DE}.Debug|x64.Build.0 = Debug|Any CPU
		{D1CE700D-B112-4BBF-8384-F477CF7943DE}.Debug|x86.ActiveCfg = Debug|Any CPU
		{D1CE700D-B112-4BBF-8384-F477CF7943DE}.Debug|x86.Build.0 = Debug|Any CPU
		{D1CE700D-B112-4BBF-8384-F477CF7943DE}.Release|Any CPU.ActiveCfg = Release|Any CPU
		{D1CE700D-B112-4BBF-8384-F477CF7943DE}.Release|Any CPU.Build.0 = Release|Any CPU
		{D1CE700D-B112-4BBF-8384-F477CF7943DE}.Release|x64.ActiveCfg = Release|Any CPU
		{D1CE700D-B112-4BBF-8384-F477CF7943DE}.Release|x64.Build.0 = Release|Any CPU
		{D1CE700D-B112-4BBF-8384-F477CF7943DE}.Release|x86.ActiveCfg = Release|Any CPU
		{D1CE700D-B112-4BBF-8384-F477CF7943DE}.Release|x86.Build.0 = Release|Any CPU
		{DE5149DA-2E67-46CC-9400-169E300E8A6D}.Debug|Any CPU.ActiveCfg = Debug|Any CPU
		{DE5149DA-2E67-46CC-9400-169E300E8A6D}.Debug|Any CPU.Build.0 = Debug|Any CPU
		{DE5149DA-2E67-46CC-9400-169E300E8A6D}.Debug|x64.ActiveCfg = Debug|Any CPU
		{DE5149DA-2E67-46CC-9400-169E300E8A6D}.Debug|x64.Build.0 = Debug|Any CPU
		{DE5149DA-2E67-46CC-9400-169E300E8A6D}.Debug|x86.ActiveCfg = Debug|Any CPU
		{DE5149DA-2E67-46CC-9400-169E300E8A6D}.Debug|x86.Build.0 = Debug|Any CPU
		{DE5149DA-2E67-46CC-9400-169E300E8A6D}.Release|Any CPU.ActiveCfg = Release|Any CPU
		{DE5149DA-2E67-46CC-9400-169E300E8A6D}.Release|Any CPU.Build.0 = Release|Any CPU
		{DE5149DA-2E67-46CC-9400-169E300E8A6D}.Release|x64.ActiveCfg = Release|Any CPU
		{DE5149DA-2E67-46CC-9400-169E300E8A6D}.Release|x64.Build.0 = Release|Any CPU
		{DE5149DA-2E67-46CC-9400-169E300E8A6D}.Release|x86.ActiveCfg = Release|Any CPU
		{DE5149DA-2E67-46CC-9400-169E300E8A6D}.Release|x86.Build.0 = Release|Any CPU
		{B756D934-CB48-44C0-A5FB-9DC86F97A2E3}.Debug|Any CPU.ActiveCfg = Debug|Any CPU
		{B756D934-CB48-44C0-A5FB-9DC86F97A2E3}.Debug|Any CPU.Build.0 = Debug|Any CPU
		{B756D934-CB48-44C0-A5FB-9DC86F97A2E3}.Debug|x64.ActiveCfg = Debug|Any CPU
		{B756D934-CB48-44C0-A5FB-9DC86F97A2E3}.Debug|x64.Build.0 = Debug|Any CPU
		{B756D934-CB48-44C0-A5FB-9DC86F97A2E3}.Debug|x86.ActiveCfg = Debug|Any CPU
		{B756D934-CB48-44C0-A5FB-9DC86F97A2E3}.Debug|x86.Build.0 = Debug|Any CPU
		{B756D934-CB48-44C0-A5FB-9DC86F97A2E3}.Release|Any CPU.ActiveCfg = Release|Any CPU
		{B756D934-CB48-44C0-A5FB-9DC86F97A2E3}.Release|Any CPU.Build.0 = Release|Any CPU
		{B756D934-CB48-44C0-A5FB-9DC86F97A2E3}.Release|x64.ActiveCfg = Release|Any CPU
		{B756D934-CB48-44C0-A5FB-9DC86F97A2E3}.Release|x64.Build.0 = Release|Any CPU
		{B756D934-CB48-44C0-A5FB-9DC86F97A2E3}.Release|x86.ActiveCfg = Release|Any CPU
		{B756D934-CB48-44C0-A5FB-9DC86F97A2E3}.Release|x86.Build.0 = Release|Any CPU
		{86D648D6-E9F8-4584-BF7A-A1E7ACABC14F}.Debug|Any CPU.ActiveCfg = Debug|Any CPU
		{86D648D6-E9F8-4584-BF7A-A1E7ACABC14F}.Debug|Any CPU.Build.0 = Debug|Any CPU
		{86D648D6-E9F8-4584-BF7A-A1E7ACABC14F}.Debug|x64.ActiveCfg = Debug|Any CPU
		{86D648D6-E9F8-4584-BF7A-A1E7ACABC14F}.Debug|x64.Build.0 = Debug|Any CPU
		{86D648D6-E9F8-4584-BF7A-A1E7ACABC14F}.Debug|x86.ActiveCfg = Debug|Any CPU
		{86D648D6-E9F8-4584-BF7A-A1E7ACABC14F}.Debug|x86.Build.0 = Debug|Any CPU
		{86D648D6-E9F8-4584-BF7A-A1E7ACABC14F}.Release|Any CPU.ActiveCfg = Release|Any CPU
		{86D648D6-E9F8-4584-BF7A-A1E7ACABC14F}.Release|Any CPU.Build.0 = Release|Any CPU
		{86D648D6-E9F8-4584-BF7A-A1E7ACABC14F}.Release|x64.ActiveCfg = Release|Any CPU
		{86D648D6-E9F8-4584-BF7A-A1E7ACABC14F}.Release|x64.Build.0 = Release|Any CPU
		{86D648D6-E9F8-4584-BF7A-A1E7ACABC14F}.Release|x86.ActiveCfg = Release|Any CPU
		{86D648D6-E9F8-4584-BF7A-A1E7ACABC14F}.Release|x86.Build.0 = Release|Any CPU
		{72453E8D-57D4-484A-A6CB-F9E214C69DA2}.Debug|Any CPU.ActiveCfg = Debug|Any CPU
		{72453E8D-57D4-484A-A6CB-F9E214C69DA2}.Debug|Any CPU.Build.0 = Debug|Any CPU
		{72453E8D-57D4-484A-A6CB-F9E214C69DA2}.Debug|x64.ActiveCfg = Debug|Any CPU
		{72453E8D-57D4-484A-A6CB-F9E214C69DA2}.Debug|x64.Build.0 = Debug|Any CPU
		{72453E8D-57D4-484A-A6CB-F9E214C69DA2}.Debug|x86.ActiveCfg = Debug|Any CPU
		{72453E8D-57D4-484A-A6CB-F9E214C69DA2}.Debug|x86.Build.0 = Debug|Any CPU
		{72453E8D-57D4-484A-A6CB-F9E214C69DA2}.Release|Any CPU.ActiveCfg = Release|Any CPU
		{72453E8D-57D4-484A-A6CB-F9E214C69DA2}.Release|Any CPU.Build.0 = Release|Any CPU
		{72453E8D-57D4-484A-A6CB-F9E214C69DA2}.Release|x64.ActiveCfg = Release|Any CPU
		{72453E8D-57D4-484A-A6CB-F9E214C69DA2}.Release|x64.Build.0 = Release|Any CPU
		{72453E8D-57D4-484A-A6CB-F9E214C69DA2}.Release|x86.ActiveCfg = Release|Any CPU
		{72453E8D-57D4-484A-A6CB-F9E214C69DA2}.Release|x86.Build.0 = Release|Any CPU
		{67E1C361-068B-4FBD-96E4-F6B49835FC39}.Debug|Any CPU.ActiveCfg = Debug|Any CPU
		{67E1C361-068B-4FBD-96E4-F6B49835FC39}.Debug|Any CPU.Build.0 = Debug|Any CPU
		{67E1C361-068B-4FBD-96E4-F6B49835FC39}.Debug|x64.ActiveCfg = Debug|Any CPU
		{67E1C361-068B-4FBD-96E4-F6B49835FC39}.Debug|x64.Build.0 = Debug|Any CPU
		{67E1C361-068B-4FBD-96E4-F6B49835FC39}.Debug|x86.ActiveCfg = Debug|Any CPU
		{67E1C361-068B-4FBD-96E4-F6B49835FC39}.Debug|x86.Build.0 = Debug|Any CPU
		{67E1C361-068B-4FBD-96E4-F6B49835FC39}.Release|Any CPU.ActiveCfg = Release|Any CPU
		{67E1C361-068B-4FBD-96E4-F6B49835FC39}.Release|Any CPU.Build.0 = Release|Any CPU
		{67E1C361-068B-4FBD-96E4-F6B49835FC39}.Release|x64.ActiveCfg = Release|Any CPU
		{67E1C361-068B-4FBD-96E4-F6B49835FC39}.Release|x64.Build.0 = Release|Any CPU
		{67E1C361-068B-4FBD-96E4-F6B49835FC39}.Release|x86.ActiveCfg = Release|Any CPU
		{67E1C361-068B-4FBD-96E4-F6B49835FC39}.Release|x86.Build.0 = Release|Any CPU
		{73AEC573-66B1-44FC-9B43-2BDF085811D2}.Debug|Any CPU.ActiveCfg = Debug|Any CPU
		{73AEC573-66B1-44FC-9B43-2BDF085811D2}.Debug|Any CPU.Build.0 = Debug|Any CPU
		{73AEC573-66B1-44FC-9B43-2BDF085811D2}.Debug|x64.ActiveCfg = Debug|Any CPU
		{73AEC573-66B1-44FC-9B43-2BDF085811D2}.Debug|x64.Build.0 = Debug|Any CPU
		{73AEC573-66B1-44FC-9B43-2BDF085811D2}.Debug|x86.ActiveCfg = Debug|Any CPU
		{73AEC573-66B1-44FC-9B43-2BDF085811D2}.Debug|x86.Build.0 = Debug|Any CPU
		{73AEC573-66B1-44FC-9B43-2BDF085811D2}.Release|Any CPU.ActiveCfg = Release|Any CPU
		{73AEC573-66B1-44FC-9B43-2BDF085811D2}.Release|Any CPU.Build.0 = Release|Any CPU
		{73AEC573-66B1-44FC-9B43-2BDF085811D2}.Release|x64.ActiveCfg = Release|Any CPU
		{73AEC573-66B1-44FC-9B43-2BDF085811D2}.Release|x64.Build.0 = Release|Any CPU
		{73AEC573-66B1-44FC-9B43-2BDF085811D2}.Release|x86.ActiveCfg = Release|Any CPU
		{73AEC573-66B1-44FC-9B43-2BDF085811D2}.Release|x86.Build.0 = Release|Any CPU
	EndGlobalSection
EndGlobal
