
Microsoft Visual Studio Solution File, Format Version 12.00
# Visual Studio 15
VisualStudioVersion = 15.0.26124.0
MinimumVisualStudioVersion = 15.0.26124.0
Project("{FAE04EC0-301F-11D3-BF4B-00C04F79EFBC}") = "Penguin.Api.Local", "Penguin.Api.Local.csproj", "{74D201EE-E4FD-49C2-9902-FF889DD895CB}"
EndProject
Project("{FAE04EC0-301F-11D3-BF4B-00C04F79EFBC}") = "Penguin.SystemExtensions.Local", "..\Penguin.SystemExtensions\Penguin.SystemExtensions.Local.csproj", "{AD638BF6-9D2B-47C0-9B6B-F5F1778746D3}"
EndProject
Project("{FAE04EC0-301F-11D3-BF4B-00C04F79EFBC}") = "Penguin.SystemExtensions.Abstractions.Local", "..\Penguin.SystemExtensions.Abstractions\Penguin.SystemExtensions.Abstractions.Local.csproj", "{39A4C60B-599A-4F32-86BC-EE331137BB59}"
EndProject
Project("{FAE04EC0-301F-11D3-BF4B-00C04F79EFBC}") = "Penguin.Web.Local", "..\Penguin.Web\Penguin.Web.Local.csproj", "{031799D2-7AED-4C59-A51F-B0DA7736E940}"
EndProject
Project("{FAE04EC0-301F-11D3-BF4B-00C04F79EFBC}") = "Penguin.Web.Abstractions.Local", "..\Penguin.Web.Abstractions\Penguin.Web.Abstractions.Local.csproj", "{F725768F-FD7D-4B3A-AA26-78E234217A41}"
EndProject
Project("{FAE04EC0-301F-11D3-BF4B-00C04F79EFBC}") = "Penguin.Extensions.String.Local", "..\Penguin.Extensions.String\Penguin.Extensions.String.Local.csproj", "{4450F0CA-BC65-4C8A-ABB1-5AF9060C0CF8}"
EndProject
Project("{FAE04EC0-301F-11D3-BF4B-00C04F79EFBC}") = "Penguin.Api.Abstractions.Local", "..\Penguin.Api.Abstractions\Penguin.Api.Abstractions.Local.csproj", "{09CDD14A-0BA9-4096-A713-23046486E688}"
EndProject
Project("{FAE04EC0-301F-11D3-BF4B-00C04F79EFBC}") = "Penguin.Reflection.Local", "..\Penguin.Reflection\Penguin.Reflection.Local.csproj", "{FF1D2BB1-79F6-44E1-BC38-A34AC5A54BEE}"
EndProject
Project("{FAE04EC0-301F-11D3-BF4B-00C04F79EFBC}") = "Penguin.Reflection.Abstractions.Local", "..\Penguin.Reflection.Abstractions\Penguin.Reflection.Abstractions.Local.csproj", "{53445A9E-CBE3-4EC2-9210-9830F5112C69}"
EndProject
Project("{FAE04EC0-301F-11D3-BF4B-00C04F79EFBC}") = "Penguin.Debugging.Local", "..\Penguin.Debugging\Penguin.Debugging.Local.csproj", "{56D3E454-BD86-4249-8D48-84C9320091FE}"
EndProject
Project("{FAE04EC0-301F-11D3-BF4B-00C04F79EFBC}") = "Penguin.Extensions.Exceptions.Local", "..\Penguin.Extensions.Exceptions\Penguin.Extensions.Exceptions.Local.csproj", "{7DB18DFD-DB93-406B-B56E-B9D6D0A87B45}"
EndProject
Project("{FAE04EC0-301F-11D3-BF4B-00C04F79EFBC}") = "Penguin.Web.WebClientEx.Local", "..\Penguin.Web.WebClientEx\Penguin.Web.WebClientEx.Local.csproj", "{917162B6-A325-4BE9-B348-23FF9B3C492E}"
EndProject
Project("{FAE04EC0-301F-11D3-BF4B-00C04F79EFBC}") = "Penguin.Json.Local", "..\Penguin.Json\Penguin.Json.Local.csproj", "{9C9E6B27-6443-4EE4-B101-2BA8E7D7920B}"
EndProject
Project("{FAE04EC0-301F-11D3-BF4B-00C04F79EFBC}") = "Penguin.Json.Abstractions.Local", "..\Penguin.Json.Abstractions\Penguin.Json.Abstractions.Local.csproj", "{0B07173C-523F-4BC8-A2BC-82662184C567}"
EndProject
Project("{FAE04EC0-301F-11D3-BF4B-00C04F79EFBC}") = "Penguin.Reflection.Extensions.Local", "..\Penguin.Reflection.Extensions\Penguin.Reflection.Extensions.Local.csproj", "{1FD3C543-EEEC-44C3-8925-C93E7E0FC72C}"
EndProject
Global
	GlobalSection(SolutionConfigurationPlatforms) = preSolution
		Debug|Any CPU = Debug|Any CPU
		Debug|x64 = Debug|x64
		Debug|x86 = Debug|x86
		Release|Any CPU = Release|Any CPU
		Release|x64 = Release|x64
		Release|x86 = Release|x86
	EndGlobalSection
	GlobalSection(SolutionProperties) = preSolution
		HideSolutionNode = FALSE
	EndGlobalSection
	GlobalSection(ProjectConfigurationPlatforms) = postSolution
		{74D201EE-E4FD-49C2-9902-FF889DD895CB}.Debug|Any CPU.ActiveCfg = Debug|Any CPU
		{74D201EE-E4FD-49C2-9902-FF889DD895CB}.Debug|Any CPU.Build.0 = Debug|Any CPU
		{74D201EE-E4FD-49C2-9902-FF889DD895CB}.Debug|x64.ActiveCfg = Debug|Any CPU
		{74D201EE-E4FD-49C2-9902-FF889DD895CB}.Debug|x64.Build.0 = Debug|Any CPU
		{74D201EE-E4FD-49C2-9902-FF889DD895CB}.Debug|x86.ActiveCfg = Debug|Any CPU
		{74D201EE-E4FD-49C2-9902-FF889DD895CB}.Debug|x86.Build.0 = Debug|Any CPU
		{74D201EE-E4FD-49C2-9902-FF889DD895CB}.Release|Any CPU.ActiveCfg = Release|Any CPU
		{74D201EE-E4FD-49C2-9902-FF889DD895CB}.Release|Any CPU.Build.0 = Release|Any CPU
		{74D201EE-E4FD-49C2-9902-FF889DD895CB}.Release|x64.ActiveCfg = Release|Any CPU
		{74D201EE-E4FD-49C2-9902-FF889DD895CB}.Release|x64.Build.0 = Release|Any CPU
		{74D201EE-E4FD-49C2-9902-FF889DD895CB}.Release|x86.ActiveCfg = Release|Any CPU
		{74D201EE-E4FD-49C2-9902-FF889DD895CB}.Release|x86.Build.0 = Release|Any CPU
		{AD638BF6-9D2B-47C0-9B6B-F5F1778746D3}.Debug|Any CPU.ActiveCfg = Debug|Any CPU
		{AD638BF6-9D2B-47C0-9B6B-F5F1778746D3}.Debug|Any CPU.Build.0 = Debug|Any CPU
		{AD638BF6-9D2B-47C0-9B6B-F5F1778746D3}.Debug|x64.ActiveCfg = Debug|Any CPU
		{AD638BF6-9D2B-47C0-9B6B-F5F1778746D3}.Debug|x64.Build.0 = Debug|Any CPU
		{AD638BF6-9D2B-47C0-9B6B-F5F1778746D3}.Debug|x86.ActiveCfg = Debug|Any CPU
		{AD638BF6-9D2B-47C0-9B6B-F5F1778746D3}.Debug|x86.Build.0 = Debug|Any CPU
		{AD638BF6-9D2B-47C0-9B6B-F5F1778746D3}.Release|Any CPU.ActiveCfg = Release|Any CPU
		{AD638BF6-9D2B-47C0-9B6B-F5F1778746D3}.Release|Any CPU.Build.0 = Release|Any CPU
		{AD638BF6-9D2B-47C0-9B6B-F5F1778746D3}.Release|x64.ActiveCfg = Release|Any CPU
		{AD638BF6-9D2B-47C0-9B6B-F5F1778746D3}.Release|x64.Build.0 = Release|Any CPU
		{AD638BF6-9D2B-47C0-9B6B-F5F1778746D3}.Release|x86.ActiveCfg = Release|Any CPU
		{AD638BF6-9D2B-47C0-9B6B-F5F1778746D3}.Release|x86.Build.0 = Release|Any CPU
		{39A4C60B-599A-4F32-86BC-EE331137BB59}.Debug|Any CPU.ActiveCfg = Debug|Any CPU
		{39A4C60B-599A-4F32-86BC-EE331137BB59}.Debug|Any CPU.Build.0 = Debug|Any CPU
		{39A4C60B-599A-4F32-86BC-EE331137BB59}.Debug|x64.ActiveCfg = Debug|Any CPU
		{39A4C60B-599A-4F32-86BC-EE331137BB59}.Debug|x64.Build.0 = Debug|Any CPU
		{39A4C60B-599A-4F32-86BC-EE331137BB59}.Debug|x86.ActiveCfg = Debug|Any CPU
		{39A4C60B-599A-4F32-86BC-EE331137BB59}.Debug|x86.Build.0 = Debug|Any CPU
		{39A4C60B-599A-4F32-86BC-EE331137BB59}.Release|Any CPU.ActiveCfg = Release|Any CPU
		{39A4C60B-599A-4F32-86BC-EE331137BB59}.Release|Any CPU.Build.0 = Release|Any CPU
		{39A4C60B-599A-4F32-86BC-EE331137BB59}.Release|x64.ActiveCfg = Release|Any CPU
		{39A4C60B-599A-4F32-86BC-EE331137BB59}.Release|x64.Build.0 = Release|Any CPU
		{39A4C60B-599A-4F32-86BC-EE331137BB59}.Release|x86.ActiveCfg = Release|Any CPU
		{39A4C60B-599A-4F32-86BC-EE331137BB59}.Release|x86.Build.0 = Release|Any CPU
		{031799D2-7AED-4C59-A51F-B0DA7736E940}.Debug|Any CPU.ActiveCfg = Debug|Any CPU
		{031799D2-7AED-4C59-A51F-B0DA7736E940}.Debug|Any CPU.Build.0 = Debug|Any CPU
		{031799D2-7AED-4C59-A51F-B0DA7736E940}.Debug|x64.ActiveCfg = Debug|Any CPU
		{031799D2-7AED-4C59-A51F-B0DA7736E940}.Debug|x64.Build.0 = Debug|Any CPU
		{031799D2-7AED-4C59-A51F-B0DA7736E940}.Debug|x86.ActiveCfg = Debug|Any CPU
		{031799D2-7AED-4C59-A51F-B0DA7736E940}.Debug|x86.Build.0 = Debug|Any CPU
		{031799D2-7AED-4C59-A51F-B0DA7736E940}.Release|Any CPU.ActiveCfg = Release|Any CPU
		{031799D2-7AED-4C59-A51F-B0DA7736E940}.Release|Any CPU.Build.0 = Release|Any CPU
		{031799D2-7AED-4C59-A51F-B0DA7736E940}.Release|x64.ActiveCfg = Release|Any CPU
		{031799D2-7AED-4C59-A51F-B0DA7736E940}.Release|x64.Build.0 = Release|Any CPU
		{031799D2-7AED-4C59-A51F-B0DA7736E940}.Release|x86.ActiveCfg = Release|Any CPU
		{031799D2-7AED-4C59-A51F-B0DA7736E940}.Release|x86.Build.0 = Release|Any CPU
		{F725768F-FD7D-4B3A-AA26-78E234217A41}.Debug|Any CPU.ActiveCfg = Debug|Any CPU
		{F725768F-FD7D-4B3A-AA26-78E234217A41}.Debug|Any CPU.Build.0 = Debug|Any CPU
		{F725768F-FD7D-4B3A-AA26-78E234217A41}.Debug|x64.ActiveCfg = Debug|Any CPU
		{F725768F-FD7D-4B3A-AA26-78E234217A41}.Debug|x64.Build.0 = Debug|Any CPU
		{F725768F-FD7D-4B3A-AA26-78E234217A41}.Debug|x86.ActiveCfg = Debug|Any CPU
		{F725768F-FD7D-4B3A-AA26-78E234217A41}.Debug|x86.Build.0 = Debug|Any CPU
		{F725768F-FD7D-4B3A-AA26-78E234217A41}.Release|Any CPU.ActiveCfg = Release|Any CPU
		{F725768F-FD7D-4B3A-AA26-78E234217A41}.Release|Any CPU.Build.0 = Release|Any CPU
		{F725768F-FD7D-4B3A-AA26-78E234217A41}.Release|x64.ActiveCfg = Release|Any CPU
		{F725768F-FD7D-4B3A-AA26-78E234217A41}.Release|x64.Build.0 = Release|Any CPU
		{F725768F-FD7D-4B3A-AA26-78E234217A41}.Release|x86.ActiveCfg = Release|Any CPU
		{F725768F-FD7D-4B3A-AA26-78E234217A41}.Release|x86.Build.0 = Release|Any CPU
		{4450F0CA-BC65-4C8A-ABB1-5AF9060C0CF8}.Debug|Any CPU.ActiveCfg = Debug|Any CPU
		{4450F0CA-BC65-4C8A-ABB1-5AF9060C0CF8}.Debug|Any CPU.Build.0 = Debug|Any CPU
		{4450F0CA-BC65-4C8A-ABB1-5AF9060C0CF8}.Debug|x64.ActiveCfg = Debug|Any CPU
		{4450F0CA-BC65-4C8A-ABB1-5AF9060C0CF8}.Debug|x64.Build.0 = Debug|Any CPU
		{4450F0CA-BC65-4C8A-ABB1-5AF9060C0CF8}.Debug|x86.ActiveCfg = Debug|Any CPU
		{4450F0CA-BC65-4C8A-ABB1-5AF9060C0CF8}.Debug|x86.Build.0 = Debug|Any CPU
		{4450F0CA-BC65-4C8A-ABB1-5AF9060C0CF8}.Release|Any CPU.ActiveCfg = Release|Any CPU
		{4450F0CA-BC65-4C8A-ABB1-5AF9060C0CF8}.Release|Any CPU.Build.0 = Release|Any CPU
		{4450F0CA-BC65-4C8A-ABB1-5AF9060C0CF8}.Release|x64.ActiveCfg = Release|Any CPU
		{4450F0CA-BC65-4C8A-ABB1-5AF9060C0CF8}.Release|x64.Build.0 = Release|Any CPU
		{4450F0CA-BC65-4C8A-ABB1-5AF9060C0CF8}.Release|x86.ActiveCfg = Release|Any CPU
		{4450F0CA-BC65-4C8A-ABB1-5AF9060C0CF8}.Release|x86.Build.0 = Release|Any CPU
		{09CDD14A-0BA9-4096-A713-23046486E688}.Debug|Any CPU.ActiveCfg = Debug|Any CPU
		{09CDD14A-0BA9-4096-A713-23046486E688}.Debug|Any CPU.Build.0 = Debug|Any CPU
		{09CDD14A-0BA9-4096-A713-23046486E688}.Debug|x64.ActiveCfg = Debug|Any CPU
		{09CDD14A-0BA9-4096-A713-23046486E688}.Debug|x64.Build.0 = Debug|Any CPU
		{09CDD14A-0BA9-4096-A713-23046486E688}.Debug|x86.ActiveCfg = Debug|Any CPU
		{09CDD14A-0BA9-4096-A713-23046486E688}.Debug|x86.Build.0 = Debug|Any CPU
		{09CDD14A-0BA9-4096-A713-23046486E688}.Release|Any CPU.ActiveCfg = Release|Any CPU
		{09CDD14A-0BA9-4096-A713-23046486E688}.Release|Any CPU.Build.0 = Release|Any CPU
		{09CDD14A-0BA9-4096-A713-23046486E688}.Release|x64.ActiveCfg = Release|Any CPU
		{09CDD14A-0BA9-4096-A713-23046486E688}.Release|x64.Build.0 = Release|Any CPU
		{09CDD14A-0BA9-4096-A713-23046486E688}.Release|x86.ActiveCfg = Release|Any CPU
		{09CDD14A-0BA9-4096-A713-23046486E688}.Release|x86.Build.0 = Release|Any CPU
		{FF1D2BB1-79F6-44E1-BC38-A34AC5A54BEE}.Debug|Any CPU.ActiveCfg = Debug|Any CPU
		{FF1D2BB1-79F6-44E1-BC38-A34AC5A54BEE}.Debug|Any CPU.Build.0 = Debug|Any CPU
		{FF1D2BB1-79F6-44E1-BC38-A34AC5A54BEE}.Debug|x64.ActiveCfg = Debug|Any CPU
		{FF1D2BB1-79F6-44E1-BC38-A34AC5A54BEE}.Debug|x64.Build.0 = Debug|Any CPU
		{FF1D2BB1-79F6-44E1-BC38-A34AC5A54BEE}.Debug|x86.ActiveCfg = Debug|Any CPU
		{FF1D2BB1-79F6-44E1-BC38-A34AC5A54BEE}.Debug|x86.Build.0 = Debug|Any CPU
		{FF1D2BB1-79F6-44E1-BC38-A34AC5A54BEE}.Release|Any CPU.ActiveCfg = Release|Any CPU
		{FF1D2BB1-79F6-44E1-BC38-A34AC5A54BEE}.Release|Any CPU.Build.0 = Release|Any CPU
		{FF1D2BB1-79F6-44E1-BC38-A34AC5A54BEE}.Release|x64.ActiveCfg = Release|Any CPU
		{FF1D2BB1-79F6-44E1-BC38-A34AC5A54BEE}.Release|x64.Build.0 = Release|Any CPU
		{FF1D2BB1-79F6-44E1-BC38-A34AC5A54BEE}.Release|x86.ActiveCfg = Release|Any CPU
		{FF1D2BB1-79F6-44E1-BC38-A34AC5A54BEE}.Release|x86.Build.0 = Release|Any CPU
		{53445A9E-CBE3-4EC2-9210-9830F5112C69}.Debug|Any CPU.ActiveCfg = Debug|Any CPU
		{53445A9E-CBE3-4EC2-9210-9830F5112C69}.Debug|Any CPU.Build.0 = Debug|Any CPU
		{53445A9E-CBE3-4EC2-9210-9830F5112C69}.Debug|x64.ActiveCfg = Debug|Any CPU
		{53445A9E-CBE3-4EC2-9210-9830F5112C69}.Debug|x64.Build.0 = Debug|Any CPU
		{53445A9E-CBE3-4EC2-9210-9830F5112C69}.Debug|x86.ActiveCfg = Debug|Any CPU
		{53445A9E-CBE3-4EC2-9210-9830F5112C69}.Debug|x86.Build.0 = Debug|Any CPU
		{53445A9E-CBE3-4EC2-9210-9830F5112C69}.Release|Any CPU.ActiveCfg = Release|Any CPU
		{53445A9E-CBE3-4EC2-9210-9830F5112C69}.Release|Any CPU.Build.0 = Release|Any CPU
		{53445A9E-CBE3-4EC2-9210-9830F5112C69}.Release|x64.ActiveCfg = Release|Any CPU
		{53445A9E-CBE3-4EC2-9210-9830F5112C69}.Release|x64.Build.0 = Release|Any CPU
		{53445A9E-CBE3-4EC2-9210-9830F5112C69}.Release|x86.ActiveCfg = Release|Any CPU
		{53445A9E-CBE3-4EC2-9210-9830F5112C69}.Release|x86.Build.0 = Release|Any CPU
		{56D3E454-BD86-4249-8D48-84C9320091FE}.Debug|Any CPU.ActiveCfg = Debug|Any CPU
		{56D3E454-BD86-4249-8D48-84C9320091FE}.Debug|Any CPU.Build.0 = Debug|Any CPU
		{56D3E454-BD86-4249-8D48-84C9320091FE}.Debug|x64.ActiveCfg = Debug|Any CPU
		{56D3E454-BD86-4249-8D48-84C9320091FE}.Debug|x64.Build.0 = Debug|Any CPU
		{56D3E454-BD86-4249-8D48-84C9320091FE}.Debug|x86.ActiveCfg = Debug|Any CPU
		{56D3E454-BD86-4249-8D48-84C9320091FE}.Debug|x86.Build.0 = Debug|Any CPU
		{56D3E454-BD86-4249-8D48-84C9320091FE}.Release|Any CPU.ActiveCfg = Release|Any CPU
		{56D3E454-BD86-4249-8D48-84C9320091FE}.Release|Any CPU.Build.0 = Release|Any CPU
		{56D3E454-BD86-4249-8D48-84C9320091FE}.Release|x64.ActiveCfg = Release|Any CPU
		{56D3E454-BD86-4249-8D48-84C9320091FE}.Release|x64.Build.0 = Release|Any CPU
		{56D3E454-BD86-4249-8D48-84C9320091FE}.Release|x86.ActiveCfg = Release|Any CPU
		{56D3E454-BD86-4249-8D48-84C9320091FE}.Release|x86.Build.0 = Release|Any CPU
		{7DB18DFD-DB93-406B-B56E-B9D6D0A87B45}.Debug|Any CPU.ActiveCfg = Debug|Any CPU
		{7DB18DFD-DB93-406B-B56E-B9D6D0A87B45}.Debug|Any CPU.Build.0 = Debug|Any CPU
		{7DB18DFD-DB93-406B-B56E-B9D6D0A87B45}.Debug|x64.ActiveCfg = Debug|Any CPU
		{7DB18DFD-DB93-406B-B56E-B9D6D0A87B45}.Debug|x64.Build.0 = Debug|Any CPU
		{7DB18DFD-DB93-406B-B56E-B9D6D0A87B45}.Debug|x86.ActiveCfg = Debug|Any CPU
		{7DB18DFD-DB93-406B-B56E-B9D6D0A87B45}.Debug|x86.Build.0 = Debug|Any CPU
		{7DB18DFD-DB93-406B-B56E-B9D6D0A87B45}.Release|Any CPU.ActiveCfg = Release|Any CPU
		{7DB18DFD-DB93-406B-B56E-B9D6D0A87B45}.Release|Any CPU.Build.0 = Release|Any CPU
		{7DB18DFD-DB93-406B-B56E-B9D6D0A87B45}.Release|x64.ActiveCfg = Release|Any CPU
		{7DB18DFD-DB93-406B-B56E-B9D6D0A87B45}.Release|x64.Build.0 = Release|Any CPU
		{7DB18DFD-DB93-406B-B56E-B9D6D0A87B45}.Release|x86.ActiveCfg = Release|Any CPU
		{7DB18DFD-DB93-406B-B56E-B9D6D0A87B45}.Release|x86.Build.0 = Release|Any CPU
		{917162B6-A325-4BE9-B348-23FF9B3C492E}.Debug|Any CPU.ActiveCfg = Debug|Any CPU
		{917162B6-A325-4BE9-B348-23FF9B3C492E}.Debug|Any CPU.Build.0 = Debug|Any CPU
		{917162B6-A325-4BE9-B348-23FF9B3C492E}.Debug|x64.ActiveCfg = Debug|Any CPU
		{917162B6-A325-4BE9-B348-23FF9B3C492E}.Debug|x64.Build.0 = Debug|Any CPU
		{917162B6-A325-4BE9-B348-23FF9B3C492E}.Debug|x86.ActiveCfg = Debug|Any CPU
		{917162B6-A325-4BE9-B348-23FF9B3C492E}.Debug|x86.Build.0 = Debug|Any CPU
		{917162B6-A325-4BE9-B348-23FF9B3C492E}.Release|Any CPU.ActiveCfg = Release|Any CPU
		{917162B6-A325-4BE9-B348-23FF9B3C492E}.Release|Any CPU.Build.0 = Release|Any CPU
		{917162B6-A325-4BE9-B348-23FF9B3C492E}.Release|x64.ActiveCfg = Release|Any CPU
		{917162B6-A325-4BE9-B348-23FF9B3C492E}.Release|x64.Build.0 = Release|Any CPU
		{917162B6-A325-4BE9-B348-23FF9B3C492E}.Release|x86.ActiveCfg = Release|Any CPU
		{917162B6-A325-4BE9-B348-23FF9B3C492E}.Release|x86.Build.0 = Release|Any CPU
		{9C9E6B27-6443-4EE4-B101-2BA8E7D7920B}.Debug|Any CPU.ActiveCfg = Debug|Any CPU
		{9C9E6B27-6443-4EE4-B101-2BA8E7D7920B}.Debug|Any CPU.Build.0 = Debug|Any CPU
		{9C9E6B27-6443-4EE4-B101-2BA8E7D7920B}.Debug|x64.ActiveCfg = Debug|Any CPU
		{9C9E6B27-6443-4EE4-B101-2BA8E7D7920B}.Debug|x64.Build.0 = Debug|Any CPU
		{9C9E6B27-6443-4EE4-B101-2BA8E7D7920B}.Debug|x86.ActiveCfg = Debug|Any CPU
		{9C9E6B27-6443-4EE4-B101-2BA8E7D7920B}.Debug|x86.Build.0 = Debug|Any CPU
		{9C9E6B27-6443-4EE4-B101-2BA8E7D7920B}.Release|Any CPU.ActiveCfg = Release|Any CPU
		{9C9E6B27-6443-4EE4-B101-2BA8E7D7920B}.Release|Any CPU.Build.0 = Release|Any CPU
		{9C9E6B27-6443-4EE4-B101-2BA8E7D7920B}.Release|x64.ActiveCfg = Release|Any CPU
		{9C9E6B27-6443-4EE4-B101-2BA8E7D7920B}.Release|x64.Build.0 = Release|Any CPU
		{9C9E6B27-6443-4EE4-B101-2BA8E7D7920B}.Release|x86.ActiveCfg = Release|Any CPU
		{9C9E6B27-6443-4EE4-B101-2BA8E7D7920B}.Release|x86.Build.0 = Release|Any CPU
		{0B07173C-523F-4BC8-A2BC-82662184C567}.Debug|Any CPU.ActiveCfg = Debug|Any CPU
		{0B07173C-523F-4BC8-A2BC-82662184C567}.Debug|Any CPU.Build.0 = Debug|Any CPU
		{0B07173C-523F-4BC8-A2BC-82662184C567}.Debug|x64.ActiveCfg = Debug|Any CPU
		{0B07173C-523F-4BC8-A2BC-82662184C567}.Debug|x64.Build.0 = Debug|Any CPU
		{0B07173C-523F-4BC8-A2BC-82662184C567}.Debug|x86.ActiveCfg = Debug|Any CPU
		{0B07173C-523F-4BC8-A2BC-82662184C567}.Debug|x86.Build.0 = Debug|Any CPU
		{0B07173C-523F-4BC8-A2BC-82662184C567}.Release|Any CPU.ActiveCfg = Release|Any CPU
		{0B07173C-523F-4BC8-A2BC-82662184C567}.Release|Any CPU.Build.0 = Release|Any CPU
		{0B07173C-523F-4BC8-A2BC-82662184C567}.Release|x64.ActiveCfg = Release|Any CPU
		{0B07173C-523F-4BC8-A2BC-82662184C567}.Release|x64.Build.0 = Release|Any CPU
		{0B07173C-523F-4BC8-A2BC-82662184C567}.Release|x86.ActiveCfg = Release|Any CPU
		{0B07173C-523F-4BC8-A2BC-82662184C567}.Release|x86.Build.0 = Release|Any CPU
		{1FD3C543-EEEC-44C3-8925-C93E7E0FC72C}.Debug|Any CPU.ActiveCfg = Debug|Any CPU
		{1FD3C543-EEEC-44C3-8925-C93E7E0FC72C}.Debug|Any CPU.Build.0 = Debug|Any CPU
		{1FD3C543-EEEC-44C3-8925-C93E7E0FC72C}.Debug|x64.ActiveCfg = Debug|Any CPU
		{1FD3C543-EEEC-44C3-8925-C93E7E0FC72C}.Debug|x64.Build.0 = Debug|Any CPU
		{1FD3C543-EEEC-44C3-8925-C93E7E0FC72C}.Debug|x86.ActiveCfg = Debug|Any CPU
		{1FD3C543-EEEC-44C3-8925-C93E7E0FC72C}.Debug|x86.Build.0 = Debug|Any CPU
		{1FD3C543-EEEC-44C3-8925-C93E7E0FC72C}.Release|Any CPU.ActiveCfg = Release|Any CPU
		{1FD3C543-EEEC-44C3-8925-C93E7E0FC72C}.Release|Any CPU.Build.0 = Release|Any CPU
		{1FD3C543-EEEC-44C3-8925-C93E7E0FC72C}.Release|x64.ActiveCfg = Release|Any CPU
		{1FD3C543-EEEC-44C3-8925-C93E7E0FC72C}.Release|x64.Build.0 = Release|Any CPU
		{1FD3C543-EEEC-44C3-8925-C93E7E0FC72C}.Release|x86.ActiveCfg = Release|Any CPU
		{1FD3C543-EEEC-44C3-8925-C93E7E0FC72C}.Release|x86.Build.0 = Release|Any CPU
	EndGlobalSection
EndGlobal
